{
  "name": "swc_test",
  "version": "1.0.0",
  "lockfileVersion": 2,
  "requires": true,
  "packages": {
    "": {
      "name": "swc_test",
      "version": "1.0.0",
      "license": "ISC",
      "dependencies": {
        "@swc/core": "^1.2.159"
      }
    },
    "node_modules/@swc/core": {
      "version": "1.2.159",
      "resolved": "https://registry.npmjs.org/@swc/core/-/core-1.2.159.tgz",
      "integrity": "sha512-y+z+c4IelqaxvpQrc8hYdEpuvP1BVS9Fe5t8P8/yyP1oSrJkrLibROX4dHujg4EekFQhPCUjA29NawC4D08IQA==",
      "bin": {
        "swcx": "run_swcx.js"
      },
      "engines": {
        "node": ">=10"
      },
      "funding": {
        "type": "opencollective",
        "url": "https://opencollective.com/swc"
      },
      "optionalDependencies": {
        "@swc/core-android-arm-eabi": "1.2.159",
        "@swc/core-android-arm64": "1.2.159",
        "@swc/core-darwin-arm64": "1.2.159",
        "@swc/core-darwin-x64": "1.2.159",
        "@swc/core-freebsd-x64": "1.2.159",
        "@swc/core-linux-arm-gnueabihf": "1.2.159",
        "@swc/core-linux-arm64-gnu": "1.2.159",
        "@swc/core-linux-arm64-musl": "1.2.159",
        "@swc/core-linux-x64-gnu": "1.2.159",
        "@swc/core-linux-x64-musl": "1.2.159",
        "@swc/core-win32-arm64-msvc": "1.2.159",
        "@swc/core-win32-ia32-msvc": "1.2.159",
        "@swc/core-win32-x64-msvc": "1.2.159"
      }
    },
    "node_modules/@swc/core-linux-x64-gnu": {
      "version": "1.2.159",
      "resolved": "https://registry.npmjs.org/@swc/core-linux-x64-gnu/-/core-linux-x64-gnu-1.2.159.tgz",
      "integrity": "sha512-O7pH2A+ENjCuvMuKjv6UoIBsmwAbrTi+45WFL1snqCDZw+4p3WutFUSlhEW72uI6CEdb4kfZG0lajW2/Qbkuvg==",
      "cpu": [
        "x64"
      ],
      "optional": true,
      "os": [
        "linux"
      ],
      "engines": {
        "node": ">=10"
      }
    },
    "node_modules/@swc/core-linux-x64-musl": {
      "version": "1.2.159",
      "resolved": "https://registry.npmjs.org/@swc/core-linux-x64-musl/-/core-linux-x64-musl-1.2.159.tgz",
      "integrity": "sha512-Se1EccOiN4h8/SaTZFVp7VoSUNR7ENmAmpVNROKnfZGb589THpLlC5MZtp5EFYDaLjpLHypVeqw0OO4tgwsL4w==",
      "cpu": [
        "x64"
      ],
      "optional": true,
      "os": [
        "linux"
      ],
      "engines": {
        "node": ">=10"
      }
    }
  },
  "dependencies": {
    "@swc/core": {
      "version": "1.2.159",
      "resolved": "https://registry.npmjs.org/@swc/core/-/core-1.2.159.tgz",
      "integrity": "sha512-y+z+c4IelqaxvpQrc8hYdEpuvP1BVS9Fe5t8P8/yyP1oSrJkrLibROX4dHujg4EekFQhPCUjA29NawC4D08IQA==",
      "requires": {
        "@swc/core-android-arm-eabi": "1.2.159",
        "@swc/core-android-arm64": "1.2.159",
        "@swc/core-darwin-arm64": "1.2.159",
        "@swc/core-darwin-x64": "1.2.159",
        "@swc/core-freebsd-x64": "1.2.159",
        "@swc/core-linux-arm-gnueabihf": "1.2.159",
        "@swc/core-linux-arm64-gnu": "1.2.159",
        "@swc/core-linux-arm64-musl": "1.2.159",
        "@swc/core-linux-x64-gnu": "1.2.159",
        "@swc/core-linux-x64-musl": "1.2.159",
        "@swc/core-win32-arm64-msvc": "1.2.159",
        "@swc/core-win32-ia32-msvc": "1.2.159",
        "@swc/core-win32-x64-msvc": "1.2.159"
      }
    },
    "@swc/core-linux-x64-gnu": {
      "version": "1.2.159",
      "resolved": "https://registry.npmjs.org/@swc/core-linux-x64-gnu/-/core-linux-x64-gnu-1.2.159.tgz",
      "integrity": "sha512-O7pH2A+ENjCuvMuKjv6UoIBsmwAbrTi+45WFL1snqCDZw+4p3WutFUSlhEW72uI6CEdb4kfZG0lajW2/Qbkuvg==",
      "optional": true
    },
    "@swc/core-linux-x64-musl": {
      "version": "1.2.159",
      "resolved": "https://registry.npmjs.org/@swc/core-linux-x64-musl/-/core-linux-x64-musl-1.2.159.tgz",
      "integrity": "sha512-Se1EccOiN4h8/SaTZFVp7VoSUNR7ENmAmpVNROKnfZGb589THpLlC5MZtp5EFYDaLjpLHypVeqw0OO4tgwsL4w==",
      "optional": true
    }
  }
}
